
Microsoft Visual Studio Solution File, Format Version 12.00
# Visual Studio 15
VisualStudioVersion = 15.0.28307.168
MinimumVisualStudioVersion = 10.0.40219.1
Project("{FAE04EC0-301F-11D3-BF4B-00C04F79EFBC}") = "MegaDesk-W4-GlenSadler", "MegaDesk-W4-GlenSadler\MegaDesk-4-GlenSadler.csproj", "{C7AD0CF7-B9C0-497B-B923-0ACC3A44CA13}"
EndProject
Global
	GlobalSection(SolutionConfigurationPlatforms) = preSolution
		Debug|Any CPU = Debug|Any CPU
		Release|Any CPU = Release|Any CPU
	EndGlobalSection
	GlobalSection(ProjectConfigurationPlatforms) = postSolution
		{C7AD0CF7-B9C0-497B-B923-0ACC3A44CA13}.Debug|Any CPU.ActiveCfg = Debug|Any CPU
		{C7AD0CF7-B9C0-497B-B923-0ACC3A44CA13}.Debug|Any CPU.Build.0 = Debug|Any CPU
		{C7AD0CF7-B9C0-497B-B923-0ACC3A44CA13}.Release|Any CPU.ActiveCfg = Release|Any CPU
		{C7AD0CF7-B9C0-497B-B923-0ACC3A44CA13}.Release|Any CPU.Build.0 = Release|Any CPU
	EndGlobalSection
	GlobalSection(SolutionProperties) = preSolution
		HideSolutionNode = FALSE
	EndGlobalSection
	GlobalSection(ExtensibilityGlobals) = postSolution
		SolutionGuid = {AB149ACA-A349-46F6-926E-5EF6FCB373C7}
	EndGlobalSection
EndGlobal
